
Microsoft Visual Studio Solution File, Format Version 12.00
# Visual Studio Version 17
VisualStudioVersion = 17.10.35027.167
MinimumVisualStudioVersion = 10.0.40219.1
Project("{FAE04EC0-301F-11D3-BF4B-00C04F79EFBC}") = "TaggerLib", "TaggerLib\TaggerLib.csproj", "{EFD99FB5-CFB5-4F25-A6A1-59D095E6210B}"
EndProject
Global
	GlobalSection(SolutionConfigurationPlatforms) = preSolution
		Debug|Any CPU = Debug|Any CPU
		Release|Any CPU = Release|Any CPU
	EndGlobalSection
	GlobalSection(ProjectConfigurationPlatforms) = postSolution
		{EFD99FB5-CFB5-4F25-A6A1-59D095E6210B}.Debug|Any CPU.ActiveCfg = Debug|Any CPU
		{EFD99FB5-CFB5-4F25-A6A1-59D095E6210B}.Debug|Any CPU.Build.0 = Debug|Any CPU
		{EFD99FB5-CFB5-4F25-A6A1-59D095E6210B}.Release|Any CPU.ActiveCfg = Release|Any CPU
		{EFD99FB5-CFB5-4F25-A6A1-59D095E6210B}.Release|Any CPU.Build.0 = Release|Any CPU
	EndGlobalSection
	GlobalSection(SolutionProperties) = preSolution
		HideSolutionNode = FALSE
	EndGlobalSection
	GlobalSection(ExtensibilityGlobals) = postSolution
		SolutionGuid = {CB657189-B84A-4BDC-A88F-10F17BA831D2}
	EndGlobalSection
EndGlobal
